
Microsoft Visual Studio Solution File, Format Version 12.00
# Visual Studio Version 17
VisualStudioVersion = 17.4.33213.308
MinimumVisualStudioVersion = 10.0.40219.1
Project("{FAE04EC0-301F-11D3-BF4B-00C04F79EFBC}") = "Tools", "Tools\Tools.csproj", "{6EA97CF7-AD9C-49BB-BBD1-03BFC8AEFC83}"
EndProject
Project("{FAE04EC0-301F-11D3-BF4B-00C04F79EFBC}") = "Tools.Tests", "Tools.Tests\Tools.Tests.csproj", "{7F83F327-90C2-4C0A-AA7E-A8500441A148}"
EndProject
Global
	GlobalSection(SolutionConfigurationPlatforms) = preSolution
		Debug|Any CPU = Debug|Any CPU
		Release|Any CPU = Release|Any CPU
	EndGlobalSection
	GlobalSection(ProjectConfigurationPlatforms) = postSolution
		{6EA97CF7-AD9C-49BB-BBD1-03BFC8AEFC83}.Debug|Any CPU.ActiveCfg = Debug|Any CPU
		{6EA97CF7-AD9C-49BB-BBD1-03BFC8AEFC83}.Debug|Any CPU.Build.0 = Debug|Any CPU
		{6EA97CF7-AD9C-49BB-BBD1-03BFC8AEFC83}.Release|Any CPU.ActiveCfg = Release|Any CPU
		{6EA97CF7-AD9C-49BB-BBD1-03BFC8AEFC83}.Release|Any CPU.Build.0 = Release|Any CPU
		{7F83F327-90C2-4C0A-AA7E-A8500441A148}.Debug|Any CPU.ActiveCfg = Debug|Any CPU
		{7F83F327-90C2-4C0A-AA7E-A8500441A148}.Debug|Any CPU.Build.0 = Debug|Any CPU
		{7F83F327-90C2-4C0A-AA7E-A8500441A148}.Release|Any CPU.ActiveCfg = Release|Any CPU
		{7F83F327-90C2-4C0A-AA7E-A8500441A148}.Release|Any CPU.Build.0 = Release|Any CPU
	EndGlobalSection
	GlobalSection(SolutionProperties) = preSolution
		HideSolutionNode = FALSE
	EndGlobalSection
	GlobalSection(ExtensibilityGlobals) = postSolution
		SolutionGuid = {25D6F9A5-8851-4839-AD7F-3FC261256476}
	EndGlobalSection
EndGlobal
